Microsoft Visual Studio Solution File, Format Version 12.00
# Visual Studio 2012
Project("{FAE04EC0-301F-11D3-BF4B-00C04F79EFBC}") = "The Game", "The Game.csproj", "{DC3096DE-020F-4A1B-A69A-E457FF26D441}"
EndProject
Global
	GlobalSection(SolutionConfigurationPlatforms) = preSolution
	Debug|Any CPU = Debug|Any CPU
	ExportDebug|Any CPU = ExportDebug|Any CPU
	ExportRelease|Any CPU = ExportRelease|Any CPU
	EndGlobalSection
	GlobalSection(ProjectConfigurationPlatforms) = postSolution
		{DC3096DE-020F-4A1B-A69A-E457FF26D441}.Debug|Any CPU.ActiveCfg = Debug|Any CPU
		{DC3096DE-020F-4A1B-A69A-E457FF26D441}.Debug|Any CPU.Build.0 = Debug|Any CPU
		{DC3096DE-020F-4A1B-A69A-E457FF26D441}.ExportDebug|Any CPU.ActiveCfg = ExportDebug|Any CPU
		{DC3096DE-020F-4A1B-A69A-E457FF26D441}.ExportDebug|Any CPU.Build.0 = ExportDebug|Any CPU
		{DC3096DE-020F-4A1B-A69A-E457FF26D441}.ExportRelease|Any CPU.ActiveCfg = ExportRelease|Any CPU
		{DC3096DE-020F-4A1B-A69A-E457FF26D441}.ExportRelease|Any CPU.Build.0 = ExportRelease|Any CPU
	EndGlobalSection
EndGlobal
